<?xml version="1.0" encoding="utf-8"?>
<Project ToolsVersion="4.0" xmlns="http://schemas.microsoft.com/developer/msbuild/2003">
  <ItemGroup>
    <Filter Include="Source Files">
      <UniqueIdentifier>{4FC737F1-C7A5-4376-A066-2A32D752A2FF}</UniqueIdentifier>
      <Extensions>cpp;c;cc;cxx;c++;cppm;ixx;def;odl;idl;hpj;bat;asm;asmx</Extensions>
    </Filter>
    <Filter Include="Header Files">
      <UniqueIdentifier>{93995380-89BD-4b04-88EB-625FBE52EBFB}</UniqueIdentifier>
      <Extensions>h;hh;hpp;hxx;h++;hm;inl;inc;ipp;xsd</Extensions>
    </Filter>
    <Filter Include="Resource Files">
      <UniqueIdentifier>{67DA6AB6-F800-4c08-8B7A-83BB121AAD01}</UniqueIdentifier>
      <Extensions>rc;ico;cur;bmp;dlg;rc2;rct;bin;rgs;gif;jpg;jpeg;jpe;resx;tiff;tif;png;wav;mfcribbon-ms</Extensions>
    </Filter>
    <Filter Include="Hash">
      <UniqueIdentifier>{cfd116b3-7828-4c10-8c10-fa24f1104858}</UniqueIdentifier>
    </Filter>
    <Filter Include="Encode">
      <UniqueIdentifier>{21663911-3a8b-4300-9efe-25d529710df7}</UniqueIdentifier>
    </Filter>
    <Filter Include="Hash\md">
      <UniqueIdentifier>{7750a01c-eb47-4075-a120-930e6b425d97}</UniqueIdentifier>
    </Filter>
    <Filter Include="Hash\sha">
      <UniqueIdentifier>{891ade65-0619-4ba6-81f3-d5120e5afe46}</UniqueIdentifier>
    </Filter>
    <Filter Include="Hash\gm">
      <UniqueIdentifier>{11ba99a4-7e15-4a02-8435-a5452a7c99be}</UniqueIdentifier>
    </Filter>
    <Filter Include="Cipher">
      <UniqueIdentifier>{abe77141-0a11-4e42-a1c7-8ad77d5403f1}</UniqueIdentifier>
    </Filter>
    <Filter Include="Cipher\BlockCipher">
      <UniqueIdentifier>{4f3f304a-b94f-4432-99b0-fa87c5e37eff}</UniqueIdentifier>
    </Filter>
  </ItemGroup>
  <ItemGroup>
    <ClInclude Include="common\common.h">
      <Filter>Header Files</Filter>
    </ClInclude>
    <ClInclude Include="common\errors.h">
      <Filter>Header Files</Filter>
    </ClInclude>
    <ClInclude Include="common\endianess.h">
      <Filter>Header Files</Filter>
    </ClInclude>
    <ClInclude Include="Encode\b64.h">
      <Filter>Encode</Filter>
    </ClInclude>
    <ClInclude Include="Hash\md\md5.h">
      <Filter>Hash\md</Filter>
    </ClInclude>
    <ClInclude Include="Hash\md\mddriver.h">
      <Filter>Hash\md</Filter>
    </ClInclude>
    <ClInclude Include="Hash\sha\sha1.h">
      <Filter>Hash\sha</Filter>
    </ClInclude>
    <ClInclude Include="Hash\sha\sha256.h">
      <Filter>Hash\sha</Filter>
    </ClInclude>
    <ClInclude Include="Hash\sha\sha224.h">
      <Filter>Hash\sha</Filter>
    </ClInclude>
    <ClInclude Include="Hash\sha\sha512.h">
      <Filter>Hash\sha</Filter>
    </ClInclude>
    <ClInclude Include="Hash\sha\sha384.h">
      <Filter>Hash\sha</Filter>
    </ClInclude>
    <ClInclude Include="Hash\sha\sha512_224.h">
      <Filter>Hash\sha</Filter>
    </ClInclude>
    <ClInclude Include="Hash\sha\sha512_256.h">
      <Filter>Hash\sha</Filter>
    </ClInclude>
    <ClInclude Include="Hash\sha\sha3.h">
      <Filter>Hash\sha</Filter>
    </ClInclude>
    <ClInclude Include="Hash\gm\sm3.h">
      <Filter>Hash\gm</Filter>
    </ClInclude>
    <ClInclude Include="Cipher\BlockCipher\des.h">
      <Filter>Cipher\BlockCipher</Filter>
    </ClInclude>
    <ClInclude Include="Cipher\BlockCipher\modes.h">
      <Filter>Cipher\BlockCipher</Filter>
    </ClInclude>
    <ClInclude Include="Cipher\BlockCipher\des3.h">
      <Filter>Cipher\BlockCipher</Filter>
    </ClInclude>
    <ClInclude Include="Cipher\BlockCipher\aes.h">
      <Filter>Cipher\BlockCipher</Filter>
    </ClInclude>
    <ClInclude Include="Cipher\BlockCipher\gf_mul.h">
      <Filter>Cipher\BlockCipher</Filter>
    </ClInclude>
  </ItemGroup>
  <ItemGroup>
    <ClCompile Include="common\endianess.c">
      <Filter>Source Files</Filter>
    </ClCompile>
    <ClCompile Include="Hash\md\md5.c">
      <Filter>Hash\md</Filter>
    </ClCompile>
    <ClCompile Include="Hash\md\mddriver.c">
      <Filter>Hash\md</Filter>
    </ClCompile>
    <ClCompile Include="Hash\sha\sha1.c">
      <Filter>Hash\sha</Filter>
    </ClCompile>
    <ClCompile Include="main.c">
      <Filter>Source Files</Filter>
    </ClCompile>
    <ClCompile Include="Hash\sha\sha256.c">
      <Filter>Hash\sha</Filter>
    </ClCompile>
    <ClCompile Include="Hash\sha\sha224.c">
      <Filter>Hash\sha</Filter>
    </ClCompile>
    <ClCompile Include="Hash\sha\sha512.c">
      <Filter>Hash\sha</Filter>
    </ClCompile>
    <ClCompile Include="Encode\b64.c">
      <Filter>Encode</Filter>
    </ClCompile>
    <ClCompile Include="Hash\sha\sha384.c">
      <Filter>Hash\sha</Filter>
    </ClCompile>
    <ClCompile Include="Hash\sha\sha512_224.c">
      <Filter>Hash\sha</Filter>
    </ClCompile>
    <ClCompile Include="Hash\sha\sha512_256.c">
      <Filter>Hash\sha</Filter>
    </ClCompile>
    <ClCompile Include="Hash\sha\sha3.c">
      <Filter>Hash\sha</Filter>
    </ClCompile>
    <ClCompile Include="Hash\gm\sm3.c">
      <Filter>Hash\gm</Filter>
    </ClCompile>
    <ClCompile Include="Cipher\BlockCipher\des.c">
      <Filter>Cipher\BlockCipher</Filter>
    </ClCompile>
    <ClCompile Include="Cipher\BlockCipher\des3.c">
      <Filter>Cipher\BlockCipher</Filter>
    </ClCompile>
    <ClCompile Include="Cipher\BlockCipher\aes.c">
      <Filter>Cipher\BlockCipher</Filter>
    </ClCompile>
    <ClCompile Include="Cipher\BlockCipher\gf_mul.c">
      <Filter>Cipher\BlockCipher</Filter>
    </ClCompile>
  </ItemGroup>
</Project>